
Microsoft Visual Studio Solution File, Format Version 12.00
# Visual Studio Version 16
VisualStudioVersion = 16.0.30523.141
MinimumVisualStudioVersion = 10.0.40219.1
Project("{FAE04EC0-301F-11D3-BF4B-00C04F79EFBC}") = "Personnr_01", "Personnr_01.csproj", "{1AEFCF22-5F4C-403C-A8C5-38DCFB4A8E3A}"
EndProject
Global
	GlobalSection(SolutionConfigurationPlatforms) = preSolution
		Debug|Any CPU = Debug|Any CPU
		Release|Any CPU = Release|Any CPU
	EndGlobalSection
	GlobalSection(ProjectConfigurationPlatforms) = postSolution
		{1AEFCF22-5F4C-403C-A8C5-38DCFB4A8E3A}.Debug|Any CPU.ActiveCfg = Debug|Any CPU
		{1AEFCF22-5F4C-403C-A8C5-38DCFB4A8E3A}.Debug|Any CPU.Build.0 = Debug|Any CPU
		{1AEFCF22-5F4C-403C-A8C5-38DCFB4A8E3A}.Release|Any CPU.ActiveCfg = Release|Any CPU
		{1AEFCF22-5F4C-403C-A8C5-38DCFB4A8E3A}.Release|Any CPU.Build.0 = Release|Any CPU
	EndGlobalSection
	GlobalSection(SolutionProperties) = preSolution
		HideSolutionNode = FALSE
	EndGlobalSection
	GlobalSection(ExtensibilityGlobals) = postSolution
		SolutionGuid = {9D5A409D-E41B-49C7-8864-3D5514C24764}
	EndGlobalSection
EndGlobal
